
Microsoft Visual Studio Solution File, Format Version 12.00
# Visual Studio 15
VisualStudioVersion = 15.0.26430.6
MinimumVisualStudioVersion = 10.0.40219.1
Project("{FAE04EC0-301F-11D3-BF4B-00C04F79EFBC}") = "Veloly-Backend", "Veloly-Backend\Veloly-Backend.csproj", "{2669F7EE-1D8D-4366-99B2-CD47E6657CED}"
EndProject
Global
	GlobalSection(SolutionConfigurationPlatforms) = preSolution
		Debug|Any CPU = Debug|Any CPU
		Release|Any CPU = Release|Any CPU
	EndGlobalSection
	GlobalSection(ProjectConfigurationPlatforms) = postSolution
		{2669F7EE-1D8D-4366-99B2-CD47E6657CED}.Debug|Any CPU.ActiveCfg = Debug|Any CPU
		{2669F7EE-1D8D-4366-99B2-CD47E6657CED}.Debug|Any CPU.Build.0 = Debug|Any CPU
		{2669F7EE-1D8D-4366-99B2-CD47E6657CED}.Release|Any CPU.ActiveCfg = Release|Any CPU
		{2669F7EE-1D8D-4366-99B2-CD47E6657CED}.Release|Any CPU.Build.0 = Release|Any CPU
	EndGlobalSection
	GlobalSection(SolutionProperties) = preSolution
		HideSolutionNode = FALSE
	EndGlobalSection
EndGlobal
